PODS:
  - ImageUtils (0.0.5)

DEPENDENCIES:
  - ImageUtils (= 0.0.5)

SPEC REPOS:
  https://github.com/jonbrennecke/private-pod-specs.git:
    - ImageUtils

SPEC CHECKSUMS:
  ImageUtils: b0e9b9777b22c7a5e4263b29fd23aa65cf0e184b

PODFILE CHECKSUM: e389525ce7c51d15baa64b1f1d5cf352eb9e925b

COCOAPODS: 1.9.1
