PODS:
  - ImageUtils (0.0.5)

DEPENDENCIES:
  - ImageUtils (= 0.0.5)

SPEC REPOS:
  https://github.com/jonbrennecke/private-pod-specs.git:
    - ImageUtils

SPEC CHECKSUMS:
  ImageUtils: b0e9b9777b22c7a5e4263b29fd23aa65cf0e184b

PODFILE CHECKSUM: 6e6d351eb0d0b188cba7c9a90a5428fedd9d2c17

COCOAPODS: 1.9.1
